
Microsoft Visual Studio Solution File, Format Version 12.00
# Visual Studio 15
VisualStudioVersion = 15.0.28307.1082
MinimumVisualStudioVersion = 10.0.40219.1
Project("{FAE04EC0-301F-11D3-BF4B-00C04F79EFBC}") = "Proyecto_FSE", "Proyecto_FSE\Proyecto_FSE.csproj", "{1816CDEC-0434-46CB-B5FB-34B8A51067F1}"
EndProject
Global
	GlobalSection(SolutionConfigurationPlatforms) = preSolution
		Debug|Any CPU = Debug|Any CPU
		Release|Any CPU = Release|Any CPU
	EndGlobalSection
	GlobalSection(ProjectConfigurationPlatforms) = postSolution
		{1816CDEC-0434-46CB-B5FB-34B8A51067F1}.Debug|Any CPU.ActiveCfg = Debug|Any CPU
		{1816CDEC-0434-46CB-B5FB-34B8A51067F1}.Debug|Any CPU.Build.0 = Debug|Any CPU
		{1816CDEC-0434-46CB-B5FB-34B8A51067F1}.Release|Any CPU.ActiveCfg = Release|Any CPU
		{1816CDEC-0434-46CB-B5FB-34B8A51067F1}.Release|Any CPU.Build.0 = Release|Any CPU
	EndGlobalSection
	GlobalSection(SolutionProperties) = preSolution
		HideSolutionNode = FALSE
	EndGlobalSection
	GlobalSection(ExtensibilityGlobals) = postSolution
		SolutionGuid = {6F16346F-6BCC-48D2-BD80-12F0B3EB9B4B}
	EndGlobalSection
EndGlobal
